
Microsoft Visual Studio Solution File, Format Version 12.00
# Visual Studio 14
VisualStudioVersion = 14.0.25420.1
MinimumVisualStudioVersion = 10.0.40219.1
Project("{FAE04EC0-301F-11D3-BF4B-00C04F79EFBC}") = "Auto Upgrade", "Auto Upgrade\Auto Upgrade.csproj", "{31F4AB01-6561-42FB-B46E-5CA77022E27F}"
EndProject
Project("{FAE04EC0-301F-11D3-BF4B-00C04F79EFBC}") = "update", "update\update.csproj", "{37E1D248-4B3A-402B-AA74-11BF11936C52}"
EndProject
Global
	GlobalSection(SolutionConfigurationPlatforms) = preSolution
		Debug|Any CPU = Debug|Any CPU
		Release|Any CPU = Release|Any CPU
	EndGlobalSection
	GlobalSection(ProjectConfigurationPlatforms) = postSolution
		{31F4AB01-6561-42FB-B46E-5CA77022E27F}.Debug|Any CPU.ActiveCfg = Debug|Any CPU
		{31F4AB01-6561-42FB-B46E-5CA77022E27F}.Debug|Any CPU.Build.0 = Debug|Any CPU
		{31F4AB01-6561-42FB-B46E-5CA77022E27F}.Release|Any CPU.ActiveCfg = Release|Any CPU
		{31F4AB01-6561-42FB-B46E-5CA77022E27F}.Release|Any CPU.Build.0 = Release|Any CPU
		{37E1D248-4B3A-402B-AA74-11BF11936C52}.Debug|Any CPU.ActiveCfg = Debug|Any CPU
		{37E1D248-4B3A-402B-AA74-11BF11936C52}.Debug|Any CPU.Build.0 = Debug|Any CPU
		{37E1D248-4B3A-402B-AA74-11BF11936C52}.Release|Any CPU.ActiveCfg = Release|Any CPU
		{37E1D248-4B3A-402B-AA74-11BF11936C52}.Release|Any CPU.Build.0 = Release|Any CPU
	EndGlobalSection
	GlobalSection(SolutionProperties) = preSolution
		HideSolutionNode = FALSE
	EndGlobalSection
	GlobalSection(ExtensibilityGlobals) = postSolution
		SolutionGuid = {8B6B9D2D-4073-4D04-BDEF-2481C63C69B6}
	EndGlobalSection
EndGlobal
