
Microsoft Visual Studio Solution File, Format Version 12.00
# Visual Studio 14
VisualStudioVersion = 14.0.25420.1
MinimumVisualStudioVersion = 10.0.40219.1
Project("{FAE04EC0-301F-11D3-BF4B-00C04F79EFBC}") = "Auto Upgrade", "Auto Upgrade\Auto Upgrade.csproj", "{C206BA5C-F012-4C4C-AB13-67D6E8B805AC}"
EndProject
Project("{FAE04EC0-301F-11D3-BF4B-00C04F79EFBC}") = "update", "update\update.csproj", "{1D3922C7-C506-4A15-991A-CEF57E463553}"
EndProject
Project("{FAE04EC0-301F-11D3-BF4B-00C04F79EFBC}") = "UpdateClass", "UpdateClass\UpdateClass.csproj", "{2A2B9C9B-B678-4C7E-8596-F470141D6C2B}"
EndProject
Global
	GlobalSection(SolutionConfigurationPlatforms) = preSolution
		Debug|Any CPU = Debug|Any CPU
		Release|Any CPU = Release|Any CPU
	EndGlobalSection
	GlobalSection(ProjectConfigurationPlatforms) = postSolution
		{C206BA5C-F012-4C4C-AB13-67D6E8B805AC}.Debug|Any CPU.ActiveCfg = Debug|Any CPU
		{C206BA5C-F012-4C4C-AB13-67D6E8B805AC}.Debug|Any CPU.Build.0 = Debug|Any CPU
		{C206BA5C-F012-4C4C-AB13-67D6E8B805AC}.Release|Any CPU.ActiveCfg = Release|Any CPU
		{C206BA5C-F012-4C4C-AB13-67D6E8B805AC}.Release|Any CPU.Build.0 = Release|Any CPU
		{1D3922C7-C506-4A15-991A-CEF57E463553}.Debug|Any CPU.ActiveCfg = Debug|Any CPU
		{1D3922C7-C506-4A15-991A-CEF57E463553}.Debug|Any CPU.Build.0 = Debug|Any CPU
		{1D3922C7-C506-4A15-991A-CEF57E463553}.Release|Any CPU.ActiveCfg = Release|Any CPU
		{1D3922C7-C506-4A15-991A-CEF57E463553}.Release|Any CPU.Build.0 = Release|Any CPU
		{2A2B9C9B-B678-4C7E-8596-F470141D6C2B}.Debug|Any CPU.ActiveCfg = Debug|Any CPU
		{2A2B9C9B-B678-4C7E-8596-F470141D6C2B}.Debug|Any CPU.Build.0 = Debug|Any CPU
		{2A2B9C9B-B678-4C7E-8596-F470141D6C2B}.Release|Any CPU.ActiveCfg = Release|Any CPU
		{2A2B9C9B-B678-4C7E-8596-F470141D6C2B}.Release|Any CPU.Build.0 = Release|Any CPU
	EndGlobalSection
	GlobalSection(SolutionProperties) = preSolution
		HideSolutionNode = FALSE
	EndGlobalSection
EndGlobal
